
Microsoft Visual Studio Solution File, Format Version 12.00
# Visual Studio Version 16
VisualStudioVersion = 16.0.29201.188
MinimumVisualStudioVersion = 10.0.40219.1
Project("{9A19103F-16F7-4668-BE54-9A1E7A4F7556}") = "MyVet.Common", "MyVet.Common\MyVet.Common.csproj", "{A61FAB4A-2C73-430C-B884-C4FC6079A588}"
EndProject
Project("{9A19103F-16F7-4668-BE54-9A1E7A4F7556}") = "MyVet.Web", "MyVet.Web\MyVet.Web.csproj", "{D5CF70F3-7DA9-4E15-95B9-166021309F3B}"
EndProject
Project("{FAE04EC0-301F-11D3-BF4B-00C04F79EFBC}") = "MyVet.Prism", "MyVet.Prism\MyVet.Prism\MyVet.Prism.csproj", "{57EBD26E-D422-4C13-85FF-4423E1E5A38F}"
EndProject
Project("{FAE04EC0-301F-11D3-BF4B-00C04F79EFBC}") = "MyVet.Prism.Android", "MyVet.Prism\MyVet.Prism.Android\MyVet.Prism.Android.csproj", "{1C428CBE-A367-42D8-A404-19D847A99FCB}"
EndProject
Project("{FAE04EC0-301F-11D3-BF4B-00C04F79EFBC}") = "MyVet.Prism.iOS", "MyVet.Prism\MyVet.Prism.iOS\MyVet.Prism.iOS.csproj", "{06A286B7-F251-42CF-9AB3-9A8E8425DBC7}"
EndProject
Global
	GlobalSection(SolutionConfigurationPlatforms) = preSolution
		Ad-Hoc|Any CPU = Ad-Hoc|Any CPU
		Ad-Hoc|iPhone = Ad-Hoc|iPhone
		Ad-Hoc|iPhoneSimulator = Ad-Hoc|iPhoneSimulator
		AppStore|Any CPU = AppStore|Any CPU
		AppStore|iPhone = AppStore|iPhone
		AppStore|iPhoneSimulator = AppStore|iPhoneSimulator
		Debug|Any CPU = Debug|Any CPU
		Debug|iPhone = Debug|iPhone
		Debug|iPhoneSimulator = Debug|iPhoneSimulator
		Release|Any CPU = Release|Any CPU
		Release|iPhone = Release|iPhone
		Release|iPhoneSimulator = Release|iPhoneSimulator
	EndGlobalSection
	GlobalSection(ProjectConfigurationPlatforms) = postSolution
		{A61FAB4A-2C73-430C-B884-C4FC6079A588}.Ad-Hoc|Any CPU.ActiveCfg = Release|Any CPU
		{A61FAB4A-2C73-430C-B884-C4FC6079A588}.Ad-Hoc|Any CPU.Build.0 = Release|Any CPU
		{A61FAB4A-2C73-430C-B884-C4FC6079A588}.Ad-Hoc|iPhone.ActiveCfg = Release|Any CPU
		{A61FAB4A-2C73-430C-B884-C4FC6079A588}.Ad-Hoc|iPhone.Build.0 = Release|Any CPU
		{A61FAB4A-2C73-430C-B884-C4FC6079A588}.Ad-Hoc|iPhoneSimulator.ActiveCfg = Release|Any CPU
		{A61FAB4A-2C73-430C-B884-C4FC6079A588}.Ad-Hoc|iPhoneSimulator.Build.0 = Release|Any CPU
		{A61FAB4A-2C73-430C-B884-C4FC6079A588}.AppStore|Any CPU.ActiveCfg = Release|Any CPU
		{A61FAB4A-2C73-430C-B884-C4FC6079A588}.AppStore|Any CPU.Build.0 = Release|Any CPU
		{A61FAB4A-2C73-430C-B884-C4FC6079A588}.AppStore|iPhone.ActiveCfg = Release|Any CPU
		{A61FAB4A-2C73-430C-B884-C4FC6079A588}.AppStore|iPhone.Build.0 = Release|Any CPU
		{A61FAB4A-2C73-430C-B884-C4FC6079A588}.AppStore|iPhoneSimulator.ActiveCfg = Release|Any CPU
		{A61FAB4A-2C73-430C-B884-C4FC6079A588}.AppStore|iPhoneSimulator.Build.0 = Release|Any CPU
		{A61FAB4A-2C73-430C-B884-C4FC6079A588}.Debug|Any CPU.ActiveCfg = Debug|Any CPU
		{A61FAB4A-2C73-430C-B884-C4FC6079A588}.Debug|Any CPU.Build.0 = Debug|Any CPU
		{A61FAB4A-2C73-430C-B884-C4FC6079A588}.Debug|iPhone.ActiveCfg = Debug|Any CPU
		{A61FAB4A-2C73-430C-B884-C4FC6079A588}.Debug|iPhone.Build.0 = Debug|Any CPU
		{A61FAB4A-2C73-430C-B884-C4FC6079A588}.Debug|iPhoneSimulator.ActiveCfg = Debug|Any CPU
		{A61FAB4A-2C73-430C-B884-C4FC6079A588}.Debug|iPhoneSimulator.Build.0 = Debug|Any CPU
		{A61FAB4A-2C73-430C-B884-C4FC6079A588}.Release|Any CPU.ActiveCfg = Release|Any CPU
		{A61FAB4A-2C73-430C-B884-C4FC6079A588}.Release|Any CPU.Build.0 = Release|Any CPU
		{A61FAB4A-2C73-430C-B884-C4FC6079A588}.Release|iPhone.ActiveCfg = Release|Any CPU
		{A61FAB4A-2C73-430C-B884-C4FC6079A588}.Release|iPhone.Build.0 = Release|Any CPU
		{A61FAB4A-2C73-430C-B884-C4FC6079A588}.Release|iPhoneSimulator.ActiveCfg = Release|Any CPU
		{A61FAB4A-2C73-430C-B884-C4FC6079A588}.Release|iPhoneSimulator.Build.0 = Release|Any CPU
		{D5CF70F3-7DA9-4E15-95B9-166021309F3B}.Ad-Hoc|Any CPU.ActiveCfg = Release|Any CPU
		{D5CF70F3-7DA9-4E15-95B9-166021309F3B}.Ad-Hoc|Any CPU.Build.0 = Release|Any CPU
		{D5CF70F3-7DA9-4E15-95B9-166021309F3B}.Ad-Hoc|iPhone.ActiveCfg = Release|Any CPU
		{D5CF70F3-7DA9-4E15-95B9-166021309F3B}.Ad-Hoc|iPhone.Build.0 = Release|Any CPU
		{D5CF70F3-7DA9-4E15-95B9-166021309F3B}.Ad-Hoc|iPhoneSimulator.ActiveCfg = Release|Any CPU
		{D5CF70F3-7DA9-4E15-95B9-166021309F3B}.Ad-Hoc|iPhoneSimulator.Build.0 = Release|Any CPU
		{D5CF70F3-7DA9-4E15-95B9-166021309F3B}.AppStore|Any CPU.ActiveCfg = Release|Any CPU
		{D5CF70F3-7DA9-4E15-95B9-166021309F3B}.AppStore|Any CPU.Build.0 = Release|Any CPU
		{D5CF70F3-7DA9-4E15-95B9-166021309F3B}.AppStore|iPhone.ActiveCfg = Release|Any CPU
		{D5CF70F3-7DA9-4E15-95B9-166021309F3B}.AppStore|iPhone.Build.0 = Release|Any CPU
		{D5CF70F3-7DA9-4E15-95B9-166021309F3B}.AppStore|iPhoneSimulator.ActiveCfg = Release|Any CPU
		{D5CF70F3-7DA9-4E15-95B9-166021309F3B}.AppStore|iPhoneSimulator.Build.0 = Release|Any CPU
		{D5CF70F3-7DA9-4E15-95B9-166021309F3B}.Debug|Any CPU.ActiveCfg = Debug|Any CPU
		{D5CF70F3-7DA9-4E15-95B9-166021309F3B}.Debug|Any CPU.Build.0 = Debug|Any CPU
		{D5CF70F3-7DA9-4E15-95B9-166021309F3B}.Debug|iPhone.ActiveCfg = Debug|Any CPU
		{D5CF70F3-7DA9-4E15-95B9-166021309F3B}.Debug|iPhone.Build.0 = Debug|Any CPU
		{D5CF70F3-7DA9-4E15-95B9-166021309F3B}.Debug|iPhoneSimulator.ActiveCfg = Debug|Any CPU
		{D5CF70F3-7DA9-4E15-95B9-166021309F3B}.Debug|iPhoneSimulator.Build.0 = Debug|Any CPU
		{D5CF70F3-7DA9-4E15-95B9-166021309F3B}.Release|Any CPU.ActiveCfg = Release|Any CPU
		{D5CF70F3-7DA9-4E15-95B9-166021309F3B}.Release|Any CPU.Build.0 = Release|Any CPU
		{D5CF70F3-7DA9-4E15-95B9-166021309F3B}.Release|iPhone.ActiveCfg = Release|Any CPU
		{D5CF70F3-7DA9-4E15-95B9-166021309F3B}.Release|iPhone.Build.0 = Release|Any CPU
		{D5CF70F3-7DA9-4E15-95B9-166021309F3B}.Release|iPhoneSimulator.ActiveCfg = Release|Any CPU
		{D5CF70F3-7DA9-4E15-95B9-166021309F3B}.Release|iPhoneSimulator.Build.0 = Release|Any CPU
		{57EBD26E-D422-4C13-85FF-4423E1E5A38F}.Ad-Hoc|Any CPU.ActiveCfg = Debug|Any CPU
		{57EBD26E-D422-4C13-85FF-4423E1E5A38F}.Ad-Hoc|Any CPU.Build.0 = Debug|Any CPU
		{57EBD26E-D422-4C13-85FF-4423E1E5A38F}.Ad-Hoc|iPhone.ActiveCfg = Debug|Any CPU
		{57EBD26E-D422-4C13-85FF-4423E1E5A38F}.Ad-Hoc|iPhone.Build.0 = Debug|Any CPU
		{57EBD26E-D422-4C13-85FF-4423E1E5A38F}.Ad-Hoc|iPhoneSimulator.ActiveCfg = Debug|Any CPU
		{57EBD26E-D422-4C13-85FF-4423E1E5A38F}.Ad-Hoc|iPhoneSimulator.Build.0 = Debug|Any CPU
		{57EBD26E-D422-4C13-85FF-4423E1E5A38F}.AppStore|Any CPU.ActiveCfg = Debug|Any CPU
		{57EBD26E-D422-4C13-85FF-4423E1E5A38F}.AppStore|Any CPU.Build.0 = Debug|Any CPU
		{57EBD26E-D422-4C13-85FF-4423E1E5A38F}.AppStore|iPhone.ActiveCfg = Debug|Any CPU
		{57EBD26E-D422-4C13-85FF-4423E1E5A38F}.AppStore|iPhone.Build.0 = Debug|Any CPU
		{57EBD26E-D422-4C13-85FF-4423E1E5A38F}.AppStore|iPhoneSimulator.ActiveCfg = Debug|Any CPU
		{57EBD26E-D422-4C13-85FF-4423E1E5A38F}.AppStore|iPhoneSimulator.Build.0 = Debug|Any CPU
		{57EBD26E-D422-4C13-85FF-4423E1E5A38F}.Debug|Any CPU.ActiveCfg = Debug|Any CPU
		{57EBD26E-D422-4C13-85FF-4423E1E5A38F}.Debug|Any CPU.Build.0 = Debug|Any CPU
		{57EBD26E-D422-4C13-85FF-4423E1E5A38F}.Debug|iPhone.ActiveCfg = Debug|Any CPU
		{57EBD26E-D422-4C13-85FF-4423E1E5A38F}.Debug|iPhone.Build.0 = Debug|Any CPU
		{57EBD26E-D422-4C13-85FF-4423E1E5A38F}.Debug|iPhoneSimulator.ActiveCfg = Debug|Any CPU
		{57EBD26E-D422-4C13-85FF-4423E1E5A38F}.Debug|iPhoneSimulator.Build.0 = Debug|Any CPU
		{57EBD26E-D422-4C13-85FF-4423E1E5A38F}.Release|Any CPU.ActiveCfg = Release|Any CPU
		{57EBD26E-D422-4C13-85FF-4423E1E5A38F}.Release|Any CPU.Build.0 = Release|Any CPU
		{57EBD26E-D422-4C13-85FF-4423E1E5A38F}.Release|iPhone.ActiveCfg = Release|Any CPU
		{57EBD26E-D422-4C13-85FF-4423E1E5A38F}.Release|iPhone.Build.0 = Release|Any CPU
		{57EBD26E-D422-4C13-85FF-4423E1E5A38F}.Release|iPhoneSimulator.ActiveCfg = Release|Any CPU
		{57EBD26E-D422-4C13-85FF-4423E1E5A38F}.Release|iPhoneSimulator.Build.0 = Release|Any CPU
		{1C428CBE-A367-42D8-A404-19D847A99FCB}.Ad-Hoc|Any CPU.ActiveCfg = Release|Any CPU
		{1C428CBE-A367-42D8-A404-19D847A99FCB}.Ad-Hoc|Any CPU.Build.0 = Release|Any CPU
		{1C428CBE-A367-42D8-A404-19D847A99FCB}.Ad-Hoc|Any CPU.Deploy.0 = Release|Any CPU
		{1C428CBE-A367-42D8-A404-19D847A99FCB}.Ad-Hoc|iPhone.ActiveCfg = Release|Any CPU
		{1C428CBE-A367-42D8-A404-19D847A99FCB}.Ad-Hoc|iPhone.Build.0 = Release|Any CPU
		{1C428CBE-A367-42D8-A404-19D847A99FCB}.Ad-Hoc|iPhone.Deploy.0 = Release|Any CPU
		{1C428CBE-A367-42D8-A404-19D847A99FCB}.Ad-Hoc|iPhoneSimulator.ActiveCfg = Release|Any CPU
		{1C428CBE-A367-42D8-A404-19D847A99FCB}.Ad-Hoc|iPhoneSimulator.Build.0 = Release|Any CPU
		{1C428CBE-A367-42D8-A404-19D847A99FCB}.Ad-Hoc|iPhoneSimulator.Deploy.0 = Release|Any CPU
		{1C428CBE-A367-42D8-A404-19D847A99FCB}.AppStore|Any CPU.ActiveCfg = Release|Any CPU
		{1C428CBE-A367-42D8-A404-19D847A99FCB}.AppStore|Any CPU.Build.0 = Release|Any CPU
		{1C428CBE-A367-42D8-A404-19D847A99FCB}.AppStore|Any CPU.Deploy.0 = Release|Any CPU
		{1C428CBE-A367-42D8-A404-19D847A99FCB}.AppStore|iPhone.ActiveCfg = Release|Any CPU
		{1C428CBE-A367-42D8-A404-19D847A99FCB}.AppStore|iPhone.Build.0 = Release|Any CPU
		{1C428CBE-A367-42D8-A404-19D847A99FCB}.AppStore|iPhone.Deploy.0 = Release|Any CPU
		{1C428CBE-A367-42D8-A404-19D847A99FCB}.AppStore|iPhoneSimulator.ActiveCfg = Release|Any CPU
		{1C428CBE-A367-42D8-A404-19D847A99FCB}.AppStore|iPhoneSimulator.Build.0 = Release|Any CPU
		{1C428CBE-A367-42D8-A404-19D847A99FCB}.AppStore|iPhoneSimulator.Deploy.0 = Release|Any CPU
		{1C428CBE-A367-42D8-A404-19D847A99FCB}.Debug|Any CPU.ActiveCfg = Debug|Any CPU
		{1C428CBE-A367-42D8-A404-19D847A99FCB}.Debug|Any CPU.Build.0 = Debug|Any CPU
		{1C428CBE-A367-42D8-A404-19D847A99FCB}.Debug|Any CPU.Deploy.0 = Debug|Any CPU
		{1C428CBE-A367-42D8-A404-19D847A99FCB}.Debug|iPhone.ActiveCfg = Debug|Any CPU
		{1C428CBE-A367-42D8-A404-19D847A99FCB}.Debug|iPhone.Build.0 = Debug|Any CPU
		{1C428CBE-A367-42D8-A404-19D847A99FCB}.Debug|iPhone.Deploy.0 = Debug|Any CPU
		{1C428CBE-A367-42D8-A404-19D847A99FCB}.Debug|iPhoneSimulator.ActiveCfg = Debug|Any CPU
		{1C428CBE-A367-42D8-A404-19D847A99FCB}.Debug|iPhoneSimulator.Build.0 = Debug|Any CPU
		{1C428CBE-A367-42D8-A404-19D847A99FCB}.Debug|iPhoneSimulator.Deploy.0 = Debug|Any CPU
		{1C428CBE-A367-42D8-A404-19D847A99FCB}.Release|Any CPU.ActiveCfg = Release|Any CPU
		{1C428CBE-A367-42D8-A404-19D847A99FCB}.Release|Any CPU.Build.0 = Release|Any CPU
		{1C428CBE-A367-42D8-A404-19D847A99FCB}.Release|Any CPU.Deploy.0 = Release|Any CPU
		{1C428CBE-A367-42D8-A404-19D847A99FCB}.Release|iPhone.ActiveCfg = Release|Any CPU
		{1C428CBE-A367-42D8-A404-19D847A99FCB}.Release|iPhone.Build.0 = Release|Any CPU
		{1C428CBE-A367-42D8-A404-19D847A99FCB}.Release|iPhone.Deploy.0 = Release|Any CPU
		{1C428CBE-A367-42D8-A404-19D847A99FCB}.Release|iPhoneSimulator.ActiveCfg = Release|Any CPU
		{1C428CBE-A367-42D8-A404-19D847A99FCB}.Release|iPhoneSimulator.Build.0 = Release|Any CPU
		{1C428CBE-A367-42D8-A404-19D847A99FCB}.Release|iPhoneSimulator.Deploy.0 = Release|Any CPU
		{06A286B7-F251-42CF-9AB3-9A8E8425DBC7}.Ad-Hoc|Any CPU.ActiveCfg = Ad-Hoc|iPhone
		{06A286B7-F251-42CF-9AB3-9A8E8425DBC7}.Ad-Hoc|iPhone.ActiveCfg = Ad-Hoc|iPhone
		{06A286B7-F251-42CF-9AB3-9A8E8425DBC7}.Ad-Hoc|iPhone.Build.0 = Ad-Hoc|iPhone
		{06A286B7-F251-42CF-9AB3-9A8E8425DBC7}.Ad-Hoc|iPhoneSimulator.ActiveCfg = Ad-Hoc|iPhoneSimulator
		{06A286B7-F251-42CF-9AB3-9A8E8425DBC7}.Ad-Hoc|iPhoneSimulator.Build.0 = Ad-Hoc|iPhoneSimulator
		{06A286B7-F251-42CF-9AB3-9A8E8425DBC7}.AppStore|Any CPU.ActiveCfg = AppStore|iPhone
		{06A286B7-F251-42CF-9AB3-9A8E8425DBC7}.AppStore|iPhone.ActiveCfg = AppStore|iPhone
		{06A286B7-F251-42CF-9AB3-9A8E8425DBC7}.AppStore|iPhone.Build.0 = AppStore|iPhone
		{06A286B7-F251-42CF-9AB3-9A8E8425DBC7}.AppStore|iPhoneSimulator.ActiveCfg = AppStore|iPhoneSimulator
		{06A286B7-F251-42CF-9AB3-9A8E8425DBC7}.AppStore|iPhoneSimulator.Build.0 = AppStore|iPhoneSimulator
		{06A286B7-F251-42CF-9AB3-9A8E8425DBC7}.Debug|Any CPU.ActiveCfg = Debug|iPhone
		{06A286B7-F251-42CF-9AB3-9A8E8425DBC7}.Debug|iPhone.ActiveCfg = Debug|iPhone
		{06A286B7-F251-42CF-9AB3-9A8E8425DBC7}.Debug|iPhone.Build.0 = Debug|iPhone
		{06A286B7-F251-42CF-9AB3-9A8E8425DBC7}.Debug|iPhoneSimulator.ActiveCfg = Debug|iPhoneSimulator
		{06A286B7-F251-42CF-9AB3-9A8E8425DBC7}.Debug|iPhoneSimulator.Build.0 = Debug|iPhoneSimulator
		{06A286B7-F251-42CF-9AB3-9A8E8425DBC7}.Release|Any CPU.ActiveCfg = Release|iPhone
		{06A286B7-F251-42CF-9AB3-9A8E8425DBC7}.Release|iPhone.ActiveCfg = Release|iPhone
		{06A286B7-F251-42CF-9AB3-9A8E8425DBC7}.Release|iPhone.Build.0 = Release|iPhone
		{06A286B7-F251-42CF-9AB3-9A8E8425DBC7}.Release|iPhoneSimulator.ActiveCfg = Release|iPhoneSimulator
		{06A286B7-F251-42CF-9AB3-9A8E8425DBC7}.Release|iPhoneSimulator.Build.0 = Release|iPhoneSimulator
	EndGlobalSection
	GlobalSection(SolutionProperties) = preSolution
		HideSolutionNode = FALSE
	EndGlobalSection
	GlobalSection(ExtensibilityGlobals) = postSolution
		SolutionGuid = {E3EA2E17-6CB2-4C37-82B2-F03AEE3B492A}
	EndGlobalSection
EndGlobal
